// !$*UTF8*$!
{
	archiveVersion = 1;
	classes = {
	};
	objectVersion = 46;
	objects = {

/* Begin PBXBuildFile section */
		55510F01194FB9C60030E71D /* Foundation.framework in Frameworks */ = {isa = PBXBuildFile; fileRef = 55510F00194FB9C60030E71D /* Foundation.framework */; };
		55510F03194FB9C60030E71D /* CoreGraphics.framework in Frameworks */ = {isa = PBXBuildFile; fileRef = 55510F02194FB9C60030E71D /* CoreGraphics.framework */; };
		55510F05194FB9C60030E71D /* UIKit.framework in Frameworks */ = {isa = PBXBuildFile; fileRef = 55510F04194FB9C60030E71D /* UIKit.framework */; };
		55510F0B194FB9C60030E71D /* InfoPlist.strings in Resources */ = {isa = PBXBuildFile; fileRef = 55510F09194FB9C60030E71D /* InfoPlist.strings */; };
		55510F0D194FB9C60030E71D /* main.m in Sources */ = {isa = PBXBuildFile; fileRef = 55510F0C194FB9C60030E71D /* main.m */; };
		55510F11194FB9C60030E71D /* AppDelegate.m in Sources */ = {isa = PBXBuildFile; fileRef = 55510F10194FB9C60030E71D /* AppDelegate.m */; };
		55510F13194FB9C60030E71D /* Images.xcassets in Resources */ = {isa = PBXBuildFile; fileRef = 55510F12194FB9C60030E71D /* Images.xcassets */; };
		55510F1A194FB9C60030E71D /* XCTest.framework in Frameworks */ = {isa = PBXBuildFile; fileRef = 55510F19194FB9C60030E71D /* XCTest.framework */; };
		55510F1B194FB9C60030E71D /* Foundation.framework in Frameworks */ = {isa = PBXBuildFile; fileRef = 55510F00194FB9C60030E71D /* Foundation.framework */; };
		55510F1C194FB9C60030E71D /* UIKit.framework in Frameworks */ = {isa = PBXBuildFile; fileRef = 55510F04194FB9C60030E71D /* UIKit.framework */; };
		55510F24194FB9C60030E71D /* InfoPlist.strings in Resources */ = {isa = PBXBuildFile; fileRef = 55510F22194FB9C60030E71D /* InfoPlist.strings */; };
		55510F26194FB9C60030E71D /* PasswordFooTests.m in Sources */ = {isa = PBXBuildFile; fileRef = 55510F25194FB9C60030E71D /* PasswordFooTests.m */; };
		55510F30194FC14F0030E71D /* Main.storyboard in Resources */ = {isa = PBXBuildFile; fileRef = 55510F2F194FC14F0030E71D /* Main.storyboard */; };
		55510F33194FC55E0030E71D /* CreatePasswordController.m in Sources */ = {isa = PBXBuildFile; fileRef = 55510F32194FC55E0030E71D /* CreatePasswordController.m */; };
		55510F36194FC6440030E71D /* EnterPasswordController.m in Sources */ = {isa = PBXBuildFile; fileRef = 55510F35194FC6430030E71D /* EnterPasswordController.m */; };
		55510F39194FC6F60030E71D /* DeletePasswordController.m in Sources */ = {isa = PBXBuildFile; fileRef = 55510F38194FC6F60030E71D /* DeletePasswordController.m */; };
		55510F3C194FCA2A0030E71D /* WOCKeychainWrapper.m in Sources */ = {isa = PBXBuildFile; fileRef = 55510F3B194FCA2A0030E71D /* WOCKeychainWrapper.m */; };
/* End PBXBuildFile section */

/* Begin PBXContainerItemProxy section */
		55510F1D194FB9C60030E71D /* PBXContainerItemProxy */ = {
			isa = PBXContainerItemProxy;
			containerPortal = 55510EF5194FB9C60030E71D /* Project object */;
			proxyType = 1;
			remoteGlobalIDString = 55510EFC194FB9C60030E71D;
			remoteInfo = PasswordFoo;
		};
/* End PBXContainerItemProxy section */

/* Begin PBXFileReference section */
		55510EFD194FB9C60030E71D /* PasswordFoo.app */ = {isa = PBXFileReference; explicitFileType = wrapper.application; includeInIndex = 0; path = PasswordFoo.app; sourceTree = BUILT_PRODUCTS_DIR; };
		55510F00194FB9C60030E71D /* Foundation.framework */ = {isa = PBXFileReference; lastKnownFileType = wrapper.framework; name = Foundation.framework; path = System/Library/Frameworks/Foundation.framework; sourceTree = SDKROOT; };
		55510F02194FB9C60030E71D /* CoreGraphics.framework */ = {isa = PBXFileReference; lastKnownFileType = wrapper.framework; name = CoreGraphics.framework; path = System/Library/Frameworks/CoreGraphics.framework; sourceTree = SDKROOT; };
		55510F04194FB9C60030E71D /* UIKit.framework */ = {isa = PBXFileReference; lastKnownFileType = wrapper.framework; name = UIKit.framework; path = System/Library/Frameworks/UIKit.framework; sourceTree = SDKROOT; };
		55510F08194FB9C60030E71D /* PasswordFoo-Info.plist */ = {isa = PBXFileReference; lastKnownFileType = text.plist.xml; path = "PasswordFoo-Info.plist"; sourceTree = "<group>"; };
		55510F0A194FB9C60030E71D /* en */ = {isa = PBXFileReference; lastKnownFileType = text.plist.strings; name = en; path = en.lproj/InfoPlist.strings; sourceTree = "<group>"; };
		55510F0C194FB9C60030E71D /* main.m */ = {isa = PBXFileReference; lastKnownFileType = sourcecode.c.objc; path = main.m; sourceTree = "<group>"; };
		55510F0E194FB9C60030E71D /* PasswordFoo-Prefix.pch */ = {isa = PBXFileReference; lastKnownFileType = sourcecode.c.h; path = "PasswordFoo-Prefix.pch"; sourceTree = "<group>"; };
		55510F0F194FB9C60030E71D /* AppDelegate.h */ = {isa = PBXFileReference; lastKnownFileType = sourcecode.c.h; path = AppDelegate.h; sourceTree = "<group>"; };
		55510F10194FB9C60030E71D /* AppDelegate.m */ = {isa = PBXFileReference; lastKnownFileType = sourcecode.c.objc; path = AppDelegate.m; sourceTree = "<group>"; };
		55510F12194FB9C60030E71D /* Images.xcassets */ = {isa = PBXFileReference; lastKnownFileType = folder.assetcatalog; path = Images.xcassets; sourceTree = "<group>"; };
		55510F18194FB9C60030E71D /* PasswordFooTests.xctest */ = {isa = PBXFileReference; explicitFileType = wrapper.cfbundle; includeInIndex = 0; path = PasswordFooTests.xctest; sourceTree = BUILT_PRODUCTS_DIR; };
		55510F19194FB9C60030E71D /* XCTest.framework */ = {isa = PBXFileReference; lastKnownFileType = wrapper.framework; name = XCTest.framework; path = Library/Frameworks/XCTest.framework; sourceTree = DEVELOPER_DIR; };
		55510F21194FB9C60030E71D /* PasswordFooTests-Info.plist */ = {isa = PBXFileReference; lastKnownFileType = text.plist.xml; path = "PasswordFooTests-Info.plist"; sourceTree = "<group>"; };
		55510F23194FB9C60030E71D /* en */ = {isa = PBXFileReference; lastKnownFileType = text.plist.strings; name = en; path = en.lproj/InfoPlist.strings; sourceTree = "<group>"; };
		55510F25194FB9C60030E71D /* PasswordFooTests.m */ = {isa = PBXFileReference; lastKnownFileType = sourcecode.c.objc; path = PasswordFooTests.m; sourceTree = "<group>"; };
		55510F2F194FC14F0030E71D /* Main.storyboard */ = {isa = PBXFileReference; fileEncoding = 4; lastKnownFileType = file.storyboard; path = Main.storyboard; sourceTree = "<group>"; };
		55510F31194FC55E0030E71D /* CreatePasswordController.h */ = {isa = PBXFileReference; fileEncoding = 4; lastKnownFileType = sourcecode.c.h; path = CreatePasswordController.h; sourceTree = "<group>"; };
		55510F32194FC55E0030E71D /* CreatePasswordController.m */ = {isa = PBXFileReference; fileEncoding = 4; lastKnownFileType = sourcecode.c.objc; path = CreatePasswordController.m; sourceTree = "<group>"; };
		55510F34194FC6430030E71D /* EnterPasswordController.h */ = {isa = PBXFileReference; fileEncoding = 4; lastKnownFileType = sourcecode.c.h; path = EnterPasswordController.h; sourceTree = "<group>"; };
		55510F35194FC6430030E71D /* EnterPasswordController.m */ = {isa = PBXFileReference; fileEncoding = 4; lastKnownFileType = sourcecode.c.objc; path = EnterPasswordController.m; sourceTree = "<group>"; };
		55510F37194FC6F60030E71D /* DeletePasswordController.h */ = {isa = PBXFileReference; fileEncoding = 4; lastKnownFileType = sourcecode.c.h; path = DeletePasswordController.h; sourceTree = "<group>"; };
		55510F38194FC6F60030E71D /* DeletePasswordController.m */ = {isa = PBXFileReference; fileEncoding = 4; lastKnownFileType = sourcecode.c.objc; path = DeletePasswordController.m; sourceTree = "<group>"; };
		55510F3A194FCA2A0030E71D /* WOCKeychainWrapper.h */ = {isa = PBXFileReference; fileEncoding = 4; lastKnownFileType = sourcecode.c.h; path = WOCKeychainWrapper.h; sourceTree = "<group>"; };
		55510F3B194FCA2A0030E71D /* WOCKeychainWrapper.m */ = {isa = PBXFileReference; fileEncoding = 4; lastKnownFileType = sourcecode.c.objc; path = WOCKeychainWrapper.m; sourceTree = "<group>"; };
/* End PBXFileReference section */

/* Begin PBXFrameworksBuildPhase section */
		55510EFA194FB9C60030E71D /* Frameworks */ = {
			isa = PBXFrameworksBuildPhase;
			buildActionMask = 2147483647;
			files = (
				55510F03194FB9C60030E71D /* CoreGraphics.framework in Frameworks */,
				55510F05194FB9C60030E71D /* UIKit.framework in Frameworks */,
				55510F01194FB9C60030E71D /* Foundation.framework in Frameworks */,
			);
			runOnlyForDeploymentPostprocessing = 0;
		};
		55510F15194FB9C60030E71D /* Frameworks */ = {
			isa = PBXFrameworksBuildPhase;
			buildActionMask = 2147483647;
			files = (
				55510F1A194FB9C60030E71D /* XCTest.framework in Frameworks */,
				55510F1C194FB9C60030E71D /* UIKit.framework in Frameworks */,
				55510F1B194FB9C60030E71D /* Foundation.framework in Frameworks */,
			);
			runOnlyForDeploymentPostprocessing = 0;
		};
/* End PBXFrameworksBuildPhase section */

/* Begin PBXGroup section */
		55510EF4194FB9C60030E71D = {
			isa = PBXGroup;
			children = (
				55510F06194FB9C60030E71D /* PasswordFoo */,
				55510F1F194FB9C60030E71D /* PasswordFooTests */,
				55510EFF194FB9C60030E71D /* Frameworks */,
				55510EFE194FB9C60030E71D /* Products */,
			);
			sourceTree = "<group>";
		};
		55510EFE194FB9C60030E71D /* Products */ = {
			isa = PBXGroup;
			children = (
				55510EFD194FB9C60030E71D /* PasswordFoo.app */,
				55510F18194FB9C60030E71D /* PasswordFooTests.xctest */,
			);
			name = Products;
			sourceTree = "<group>";
		};
		55510EFF194FB9C60030E71D /* Frameworks */ = {
			isa = PBXGroup;
			children = (
				55510F00194FB9C60030E71D /* Foundation.framework */,
				55510F02194FB9C60030E71D /* CoreGraphics.framework */,
				55510F04194FB9C60030E71D /* UIKit.framework */,
				55510F19194FB9C60030E71D /* XCTest.framework */,
			);
			name = Frameworks;
			sourceTree = "<group>";
		};
		55510F06194FB9C60030E71D /* PasswordFoo */ = {
			isa = PBXGroup;
			children = (
				55510F0F194FB9C60030E71D /* AppDelegate.h */,
				55510F10194FB9C60030E71D /* AppDelegate.m */,
				55510F12194FB9C60030E71D /* Images.xcassets */,
				55510F2F194FC14F0030E71D /* Main.storyboard */,
				55510F31194FC55E0030E71D /* CreatePasswordController.h */,
				55510F32194FC55E0030E71D /* CreatePasswordController.m */,
				55510F34194FC6430030E71D /* EnterPasswordController.h */,
				55510F35194FC6430030E71D /* EnterPasswordController.m */,
				55510F37194FC6F60030E71D /* DeletePasswordController.h */,
				55510F38194FC6F60030E71D /* DeletePasswordController.m */,
				55510F3A194FCA2A0030E71D /* WOCKeychainWrapper.h */,
				55510F3B194FCA2A0030E71D /* WOCKeychainWrapper.m */,
				55510F07194FB9C60030E71D /* Supporting Files */,
			);
			path = PasswordFoo;
			sourceTree = "<group>";
		};
		55510F07194FB9C60030E71D /* Supporting Files */ = {
			isa = PBXGroup;
			children = (
				55510F08194FB9C60030E71D /* PasswordFoo-Info.plist */,
				55510F09194FB9C60030E71D /* InfoPlist.strings */,
				55510F0C194FB9C60030E71D /* main.m */,
				55510F0E194FB9C60030E71D /* PasswordFoo-Prefix.pch */,
			);
			name = "Supporting Files";
			sourceTree = "<group>";
		};
		55510F1F194FB9C60030E71D /* PasswordFooTests */ = {
			isa = PBXGroup;
			children = (
				55510F25194FB9C60030E71D /* PasswordFooTests.m */,
				55510F20194FB9C60030E71D /* Supporting Files */,
			);
			path = PasswordFooTests;
			sourceTree = "<group>";
		};
		55510F20194FB9C60030E71D /* Supporting Files */ = {
			isa = PBXGroup;
			children = (
				55510F21194FB9C60030E71D /* PasswordFooTests-Info.plist */,
				55510F22194FB9C60030E71D /* InfoPlist.strings */,
			);
			name = "Supporting Files";
			sourceTree = "<group>";
		};
/* End PBXGroup section */

/* Begin PBXNativeTarget section */
		55510EFC194FB9C60030E71D /* PasswordFoo */ = {
			isa = PBXNativeTarget;
			buildConfigurationList = 55510F29194FB9C60030E71D /* Build configuration list for PBXNativeTarget "PasswordFoo" */;
			buildPhases = (
				55510EF9194FB9C60030E71D /* Sources */,
				55510EFA194FB9C60030E71D /* Frameworks */,
				55510EFB194FB9C60030E71D /* Resources */,
			);
			buildRules = (
			);
			dependencies = (
			);
			name = PasswordFoo;
			productName = PasswordFoo;
			productReference = 55510EFD194FB9C60030E71D /* PasswordFoo.app */;
			productType = "com.apple.product-type.application";
		};
		55510F17194FB9C60030E71D /* PasswordFooTests */ = {
			isa = PBXNativeTarget;
			buildConfigurationList = 55510F2C194FB9C60030E71D /* Build configuration list for PBXNativeTarget "PasswordFooTests" */;
			buildPhases = (
				55510F14194FB9C60030E71D /* Sources */,
				55510F15194FB9C60030E71D /* Frameworks */,
				55510F16194FB9C60030E71D /* Resources */,
			);
			buildRules = (
			);
			dependencies = (
				55510F1E194FB9C60030E71D /* PBXTargetDependency */,
			);
			name = PasswordFooTests;
			productName = PasswordFooTests;
			productReference = 55510F18194FB9C60030E71D /* PasswordFooTests.xctest */;
			productType = "com.apple.product-type.bundle.unit-test";
		};
/* End PBXNativeTarget section */

/* Begin PBXProject section */
		55510EF5194FB9C60030E71D /* Project object */ = {
			isa = PBXProject;
			attributes = {
				LastUpgradeCheck = 0510;
				ORGANIZATIONNAME = "Wayne Cochran";
				TargetAttributes = {
					55510F17194FB9C60030E71D = {
						TestTargetID = 55510EFC194FB9C60030E71D;
					};
				};
			};
			buildConfigurationList = 55510EF8194FB9C60030E71D /* Build configuration list for PBXProject "PasswordFoo" */;
			compatibilityVersion = "Xcode 3.2";
			developmentRegion = English;
			hasScannedForEncodings = 0;
			knownRegions = (
				en,
			);
			mainGroup = 55510EF4194FB9C60030E71D;
			productRefGroup = 55510EFE194FB9C60030E71D /* Products */;
			projectDirPath = "";
			projectRoot = "";
			targets = (
				55510EFC194FB9C60030E71D /* PasswordFoo */,
				55510F17194FB9C60030E71D /* PasswordFooTests */,
			);
		};
/* End PBXProject section */

/* Begin PBXResourcesBuildPhase section */
		55510EFB194FB9C60030E71D /* Resources */ = {
			isa = PBXResourcesBuildPhase;
			buildActionMask = 2147483647;
			files = (
				55510F30194FC14F0030E71D /* Main.storyboard in Resources */,
				55510F0B194FB9C60030E71D /* InfoPlist.strings in Resources */,
				55510F13194FB9C60030E71D /* Images.xcassets in Resources */,
			);
			runOnlyForDeploymentPostprocessing = 0;
		};
		55510F16194FB9C60030E71D /* Resources */ = {
			isa = PBXResourcesBuildPhase;
			buildActionMask = 2147483647;
			files = (
				55510F24194FB9C60030E71D /* InfoPlist.strings in Resources */,
			);
			runOnlyForDeploymentPostprocessing = 0;
		};
/* End PBXResourcesBuildPhase section */

/* Begin PBXSourcesBuildPhase section */
		55510EF9194FB9C60030E71D /* Sources */ = {
			isa = PBXSourcesBuildPhase;
			buildActionMask = 2147483647;
			files = (
				55510F11194FB9C60030E71D /* AppDelegate.m in Sources */,
				55510F36194FC6440030E71D /* EnterPasswordController.m in Sources */,
				55510F0D194FB9C60030E71D /* main.m in Sources */,
				55510F3C194FCA2A0030E71D /* WOCKeychainWrapper.m in Sources */,
				55510F39194FC6F60030E71D /* DeletePasswordController.m in Sources */,
				55510F33194FC55E0030E71D /* CreatePasswordController.m in Sources */,
			);
			runOnlyForDeploymentPostprocessing = 0;
		};
		55510F14194FB9C60030E71D /* Sources */ = {
			isa = PBXSourcesBuildPhase;
			buildActionMask = 2147483647;
			files = (
				55510F26194FB9C60030E71D /* PasswordFooTests.m in Sources */,
			);
			runOnlyForDeploymentPostprocessing = 0;
		};
/* End PBXSourcesBuildPhase section */

/* Begin PBXTargetDependency section */
		55510F1E194FB9C60030E71D /* PBXTargetDependency */ = {
			isa = PBXTargetDependency;
			target = 55510EFC194FB9C60030E71D /* PasswordFoo */;
			targetProxy = 55510F1D194FB9C60030E71D /* PBXContainerItemProxy */;
		};
/* End PBXTargetDependency section */

/* Begin PBXVariantGroup section */
		55510F09194FB9C60030E71D /* InfoPlist.strings */ = {
			isa = PBXVariantGroup;
			children = (
				55510F0A194FB9C60030E71D /* en */,
			);
			name = InfoPlist.strings;
			sourceTree = "<group>";
		};
		55510F22194FB9C60030E71D /* InfoPlist.strings */ = {
			isa = PBXVariantGroup;
			children = (
				55510F23194FB9C60030E71D /* en */,
			);
			name = InfoPlist.strings;
			sourceTree = "<group>";
		};
/* End PBXVariantGroup section */

/* Begin XCBuildConfiguration section */
		55510F27194FB9C60030E71D /* Debug */ = {
			isa = XCBuildConfiguration;
			buildSettings = {
				ALWAYS_SEARCH_USER_PATHS = NO;
				CLANG_CXX_LANGUAGE_STANDARD = "gnu++0x";
				CLANG_CXX_LIBRARY = "libc++";
				CLANG_ENABLE_MODULES = YES;
				CLANG_ENABLE_OBJC_ARC = YES;
				CLANG_WARN_BOOL_CONVERSION = YES;
				CLANG_WARN_CONSTANT_CONVERSION = YES;
				CLANG_WARN_DIRECT_OBJC_ISA_USAGE = YES_ERROR;
				CLANG_WARN_EMPTY_BODY = YES;
				CLANG_WARN_ENUM_CONVERSION = YES;
				CLANG_WARN_INT_CONVERSION = YES;
				CLANG_WARN_OBJC_ROOT_CLASS = YES_ERROR;
				CLANG_WARN__DUPLICATE_METHOD_MATCH = YES;
				"CODE_SIGN_IDENTITY[sdk=iphoneos*]" = "iPhone Developer";
				COPY_PHASE_STRIP = NO;
				GCC_C_LANGUAGE_STANDARD = gnu99;
				GCC_DYNAMIC_NO_PIC = NO;
				GCC_OPTIMIZATION_LEVEL = 0;
				GCC_PREPROCESSOR_DEFINITIONS = (
					"DEBUG=1",
					"$(inherited)",
				);
				GCC_SYMBOLS_PRIVATE_EXTERN = NO;
				GCC_WARN_64_TO_32_BIT_CONVERSION = YES;
				GCC_WARN_ABOUT_RETURN_TYPE = YES_ERROR;
				GCC_WARN_UNDECLARED_SELECTOR = YES;
				GCC_WARN_UNINITIALIZED_AUTOS = YES_AGGRESSIVE;
				GCC_WARN_UNUSED_FUNCTION = YES;
				GCC_WARN_UNUSED_VARIABLE = YES;
				IPHONEOS_DEPLOYMENT_TARGET = 7.1;
				ONLY_ACTIVE_ARCH = YES;
				SDKROOT = iphoneos;
			};
			name = Debug;
		};
		55510F28194FB9C60030E71D /* Release */ = {
			isa = XCBuildConfiguration;
			buildSettings = {
				ALWAYS_SEARCH_USER_PATHS = NO;
				CLANG_CXX_LANGUAGE_STANDARD = "gnu++0x";
				CLANG_CXX_LIBRARY = "libc++";
				CLANG_ENABLE_MODULES = YES;
				CLANG_ENABLE_OBJC_ARC = YES;
				CLANG_WARN_BOOL_CONVERSION = YES;
				CLANG_WARN_CONSTANT_CONVERSION = YES;
				CLANG_WARN_DIRECT_OBJC_ISA_USAGE = YES_ERROR;
				CLANG_WARN_EMPTY_BODY = YES;
				CLANG_WARN_ENUM_CONVERSION = YES;
				CLANG_WARN_INT_CONVERSION = YES;
				CLANG_WARN_OBJC_ROOT_CLASS = YES_ERROR;
				CLANG_WARN__DUPLICATE_METHOD_MATCH = YES;
				"CODE_SIGN_IDENTITY[sdk=iphoneos*]" = "iPhone Developer";
				COPY_PHASE_STRIP = YES;
				ENABLE_NS_ASSERTIONS = NO;
				GCC_C_LANGUAGE_STANDARD = gnu99;
				GCC_WARN_64_TO_32_BIT_CONVERSION = YES;
				GCC_WARN_ABOUT_RETURN_TYPE = YES_ERROR;
				GCC_WARN_UNDECLARED_SELECTOR = YES;
				GCC_WARN_UNINITIALIZED_AUTOS = YES_AGGRESSIVE;
				GCC_WARN_UNUSED_FUNCTION = YES;
				GCC_WARN_UNUSED_VARIABLE = YES;
				IPHONEOS_DEPLOYMENT_TARGET = 7.1;
				SDKROOT = iphoneos;
				VALIDATE_PRODUCT = YES;
			};
			name = Release;
		};
		55510F2A194FB9C60030E71D /* Debug */ = {
			isa = XCBuildConfiguration;
			buildSettings = {
				ASSETCATALOG_COMPILER_APPICON_NAME = AppIcon;
				ASSETCATALOG_COMPILER_LAUNCHIMAGE_NAME = LaunchImage;
				GCC_PRECOMPILE_PREFIX_HEADER = YES;
				GCC_PREFIX_HEADER = "PasswordFoo/PasswordFoo-Prefix.pch";
				INFOPLIST_FILE = "PasswordFoo/PasswordFoo-Info.plist";
				PRODUCT_NAME = "$(TARGET_NAME)";
				WRAPPER_EXTENSION = app;
			};
			name = Debug;
		};
		55510F2B194FB9C60030E71D /* Release */ = {
			isa = XCBuildConfiguration;
			buildSettings = {
				ASSETCATALOG_COMPILER_APPICON_NAME = AppIcon;
				ASSETCATALOG_COMPILER_LAUNCHIMAGE_NAME = LaunchImage;
				GCC_PRECOMPILE_PREFIX_HEADER = YES;
				GCC_PREFIX_HEADER = "PasswordFoo/PasswordFoo-Prefix.pch";
				INFOPLIST_FILE = "PasswordFoo/PasswordFoo-Info.plist";
				PRODUCT_NAME = "$(TARGET_NAME)";
				WRAPPER_EXTENSION = app;
			};
			name = Release;
		};
		55510F2D194FB9C60030E71D /* Debug */ = {
			isa = XCBuildConfiguration;
			buildSettings = {
				BUNDLE_LOADER = "$(BUILT_PRODUCTS_DIR)/PasswordFoo.app/PasswordFoo";
				FRAMEWORK_SEARCH_PATHS = (
					"$(SDKROOT)/Developer/Library/Frameworks",
					"$(inherited)",
					"$(DEVELOPER_FRAMEWORKS_DIR)",
				);
				GCC_PRECOMPILE_PREFIX_HEADER = YES;
				GCC_PREFIX_HEADER = "PasswordFoo/PasswordFoo-Prefix.pch";
				GCC_PREPROCESSOR_DEFINITIONS = (
					"DEBUG=1",
					"$(inherited)",
				);
				INFOPLIST_FILE = "PasswordFooTests/PasswordFooTests-Info.plist";
				PRODUCT_NAME = "$(TARGET_NAME)";
				TEST_HOST = "$(BUNDLE_LOADER)";
				WRAPPER_EXTENSION = xctest;
			};
			name = Debug;
		};
		55510F2E194FB9C60030E71D /* Release */ = {
			isa = XCBuildConfiguration;
			buildSettings = {
				BUNDLE_LOADER = "$(BUILT_PRODUCTS_DIR)/PasswordFoo.app/PasswordFoo";
				FRAMEWORK_SEARCH_PATHS = (
					"$(SDKROOT)/Developer/Library/Frameworks",
					"$(inherited)",
					"$(DEVELOPER_FRAMEWORKS_DIR)",
				);
				GCC_PRECOMPILE_PREFIX_HEADER = YES;
				GCC_PREFIX_HEADER = "PasswordFoo/PasswordFoo-Prefix.pch";
				INFOPLIST_FILE = "PasswordFooTests/PasswordFooTests-Info.plist";
				PRODUCT_NAME = "$(TARGET_NAME)";
				TEST_HOST = "$(BUNDLE_LOADER)";
				WRAPPER_EXTENSION = xctest;
			};
			name = Release;
		};
/* End XCBuildConfiguration section */

/* Begin XCConfigurationList section */
		55510EF8194FB9C60030E71D /* Build configuration list for PBXProject "PasswordFoo" */ = {
			isa = XCConfigurationList;
			buildConfigurations = (
				55510F27194FB9C60030E71D /* Debug */,
				55510F28194FB9C60030E71D /* Release */,
			);
			defaultConfigurationIsVisible = 0;
			defaultConfigurationName = Release;
		};
		55510F29194FB9C60030E71D /* Build configuration list for PBXNativeTarget "PasswordFoo" */ = {
			isa = XCConfigurationList;
			buildConfigurations = (
				55510F2A194FB9C60030E71D /* Debug */,
				55510F2B194FB9C60030E71D /* Release */,
			);
			defaultConfigurationIsVisible = 0;
		};
		55510F2C194FB9C60030E71D /* Build configuration list for PBXNativeTarget "PasswordFooTests" */ = {
			isa = XCConfigurationList;
			buildConfigurations = (
				55510F2D194FB9C60030E71D /* Debug */,
				55510F2E194FB9C60030E71D /* Release */,
			);
			defaultConfigurationIsVisible = 0;
		};
/* End XCConfigurationList section */
	};
	rootObject = 55510EF5194FB9C60030E71D /* Project object */;
}
